// !$*UTF8*$!
{
	archiveVersion = 1;
	classes = {
	};
	objectVersion = 48;
	objects = {

/* Begin PBXBuildFile section */
		1D4F00EA2041BA1100F33033 /* AppDelegate.swift in Sources */ = {isa = PBXBuildFile; fileRef = 1D4F00E92041BA1100F33033 /* AppDelegate.swift */; };
		1D4F00EC2041BA1100F33033 /* FeedsVC.swift in Sources */ = {isa = PBXBuildFile; fileRef = 1D4F00EB2041BA1100F33033 /* FeedsVC.swift */; };
		1D4F00EE2041BA1100F33033 /* GroupsVC.swift in Sources */ = {isa = PBXBuildFile; fileRef = 1D4F00ED2041BA1100F33033 /* GroupsVC.swift */; };
		1D4F00F12041BA1100F33033 /* Main.storyboard in Resources */ = {isa = PBXBuildFile; fileRef = 1D4F00EF2041BA1100F33033 /* Main.storyboard */; };
		1D4F00F32041BA1100F33033 /* Assets.xcassets in Resources */ = {isa = PBXBuildFile; fileRef = 1D4F00F22041BA1100F33033 /* Assets.xcassets */; };
		1D4F00F62041BA1100F33033 /* LaunchScreen.storyboard in Resources */ = {isa = PBXBuildFile; fileRef = 1D4F00F42041BA1100F33033 /* LaunchScreen.storyboard */; };
		1D4F01032041BC7E00F33033 /* GoogleService-Info.plist in Resources */ = {isa = PBXBuildFile; fileRef = 1D4F01022041BC7E00F33033 /* GoogleService-Info.plist */; };
		1D5910C32041BDBC00EC2327 /* DataService.swift in Sources */ = {isa = PBXBuildFile; fileRef = 1D5910C22041BDBC00EC2327 /* DataService.swift */; };
		1D5910C52041D38B00EC2327 /* InsetTextField.swift in Sources */ = {isa = PBXBuildFile; fileRef = 1D5910C42041D38B00EC2327 /* InsetTextField.swift */; };
		1D5910C72041D99300EC2327 /* ShadowView.swift in Sources */ = {isa = PBXBuildFile; fileRef = 1D5910C62041D99300EC2327 /* ShadowView.swift */; };
		1D5910C92041DB0400EC2327 /* LoginVC.swift in Sources */ = {isa = PBXBuildFile; fileRef = 1D5910C82041DB0400EC2327 /* LoginVC.swift */; };
		1D5910CB2041DB3400EC2327 /* ByEmailVC.swift in Sources */ = {isa = PBXBuildFile; fileRef = 1D5910CA2041DB3400EC2327 /* ByEmailVC.swift */; };
		1D5910CD2041DBC100EC2327 /* AuthService.swift in Sources */ = {isa = PBXBuildFile; fileRef = 1D5910CC2041DBC100EC2327 /* AuthService.swift */; };
		1D5910CF2041DF9F00EC2327 /* Constants.swift in Sources */ = {isa = PBXBuildFile; fileRef = 1D5910CE2041DF9F00EC2327 /* Constants.swift */; };
		1D95B1D920441E2600115489 /* NewGroupVC.swift in Sources */ = {isa = PBXBuildFile; fileRef = 1D95B1D820441E2600115489 /* NewGroupVC.swift */; };
		1D95B1DB204422A300115489 /* GroupUserCell.swift in Sources */ = {isa = PBXBuildFile; fileRef = 1D95B1DA204422A300115489 /* GroupUserCell.swift */; };
		1DD3D99A2044A03000BC7F24 /* GroupCell.swift in Sources */ = {isa = PBXBuildFile; fileRef = 1DD3D9992044A03000BC7F24 /* GroupCell.swift */; };
		1DD3D99C2044A19500BC7F24 /* Groups.swift in Sources */ = {isa = PBXBuildFile; fileRef = 1DD3D99B2044A19500BC7F24 /* Groups.swift */; };
		1DD3D99E2044AB5B00BC7F24 /* GroupChatVC.swift in Sources */ = {isa = PBXBuildFile; fileRef = 1DD3D99D2044AB5B00BC7F24 /* GroupChatVC.swift */; };
		1DD3D9A02044AB7D00BC7F24 /* GroupChatCell.swift in Sources */ = {isa = PBXBuildFile; fileRef = 1DD3D99F2044AB7D00BC7F24 /* GroupChatCell.swift */; };
		1DF31B042042256B00DBDC0C /* MeVC.swift in Sources */ = {isa = PBXBuildFile; fileRef = 1DF31B032042256B00DBDC0C /* MeVC.swift */; };
		1DF31B0B2042C99E00DBDC0C /* KeyboardBinding.swift in Sources */ = {isa = PBXBuildFile; fileRef = 1DF31B0A2042C99E00DBDC0C /* KeyboardBinding.swift */; };
		1DF31B0D2042CA7E00DBDC0C /* FeedCell.swift in Sources */ = {isa = PBXBuildFile; fileRef = 1DF31B0C2042CA7E00DBDC0C /* FeedCell.swift */; };
		1DF31B0F2042CF7600DBDC0C /* Feeds.swift in Sources */ = {isa = PBXBuildFile; fileRef = 1DF31B0E2042CF7600DBDC0C /* Feeds.swift */; };
		1DF31B132042DAE600DBDC0C /* NewFeedVC.swift in Sources */ = {isa = PBXBuildFile; fileRef = 1DF31B122042DAE600DBDC0C /* NewFeedVC.swift */; };
		B8E600DB874F53C6285791AE /* Pods_BreakPoint.framework in Frameworks */ = {isa = PBXBuildFile; fileRef = 30176BF5F8677232E3BD15AF /* Pods_BreakPoint.framework */; };
/* End PBXBuildFile section */

/* Begin PBXFileReference section */
		1D4F00E62041BA1100F33033 /* BreakPoint.app */ = {isa = PBXFileReference; explicitFileType = wrapper.application; includeInIndex = 0; path = BreakPoint.app; sourceTree = BUILT_PRODUCTS_DIR; };
		1D4F00E92041BA1100F33033 /* AppDelegate.swift */ = {isa = PBXFileReference; lastKnownFileType = sourcecode.swift; path = AppDelegate.swift; sourceTree = "<group>"; };
		1D4F00EB2041BA1100F33033 /* FeedsVC.swift */ = {isa = PBXFileReference; lastKnownFileType = sourcecode.swift; path = FeedsVC.swift; sourceTree = "<group>"; };
		1D4F00ED2041BA1100F33033 /* GroupsVC.swift */ = {isa = PBXFileReference; lastKnownFileType = sourcecode.swift; path = GroupsVC.swift; sourceTree = "<group>"; };
		1D4F00F02041BA1100F33033 /* Base */ = {isa = PBXFileReference; lastKnownFileType = file.storyboard; name = Base; path = Base.lproj/Main.storyboard; sourceTree = "<group>"; };
		1D4F00F22041BA1100F33033 /* Assets.xcassets */ = {isa = PBXFileReference; lastKnownFileType = folder.assetcatalog; path = Assets.xcassets; sourceTree = "<group>"; };
		1D4F00F52041BA1100F33033 /* Base */ = {isa = PBXFileReference; lastKnownFileType = file.storyboard; name = Base; path = Base.lproj/LaunchScreen.storyboard; sourceTree = "<group>"; };
		1D4F00F72041BA1100F33033 /* Info.plist */ = {isa = PBXFileReference; lastKnownFileType = text.plist.xml; path = Info.plist; sourceTree = "<group>"; };
		1D4F01022041BC7E00F33033 /* GoogleService-Info.plist */ = {isa = PBXFileReference; fileEncoding = 4; lastKnownFileType = text.plist.xml; path = "GoogleService-Info.plist"; sourceTree = "<group>"; };
		1D5910C22041BDBC00EC2327 /* DataService.swift */ = {isa = PBXFileReference; lastKnownFileType = sourcecode.swift; path = DataService.swift; sourceTree = "<group>"; };
		1D5910C42041D38B00EC2327 /* InsetTextField.swift */ = {isa = PBXFileReference; lastKnownFileType = sourcecode.swift; path = InsetTextField.swift; sourceTree = "<group>"; };
		1D5910C62041D99300EC2327 /* ShadowView.swift */ = {isa = PBXFileReference; lastKnownFileType = sourcecode.swift; path = ShadowView.swift; sourceTree = "<group>"; };
		1D5910C82041DB0400EC2327 /* LoginVC.swift */ = {isa = PBXFileReference; lastKnownFileType = sourcecode.swift; path = LoginVC.swift; sourceTree = "<group>"; };
		1D5910CA2041DB3400EC2327 /* ByEmailVC.swift */ = {isa = PBXFileReference; lastKnownFileType = sourcecode.swift; path = ByEmailVC.swift; sourceTree = "<group>"; };
		1D5910CC2041DBC100EC2327 /* AuthService.swift */ = {isa = PBXFileReference; lastKnownFileType = sourcecode.swift; path = AuthService.swift; sourceTree = "<group>"; };
		1D5910CE2041DF9F00EC2327 /* Constants.swift */ = {isa = PBXFileReference; lastKnownFileType = sourcecode.swift; path = Constants.swift; sourceTree = "<group>"; };
		1D95B1D820441E2600115489 /* NewGroupVC.swift */ = {isa = PBXFileReference; lastKnownFileType = sourcecode.swift; path = NewGroupVC.swift; sourceTree = "<group>"; };
		1D95B1DA204422A300115489 /* GroupUserCell.swift */ = {isa = PBXFileReference; lastKnownFileType = sourcecode.swift; path = GroupUserCell.swift; sourceTree = "<group>"; };
		1DD3D9992044A03000BC7F24 /* GroupCell.swift */ = {isa = PBXFileReference; lastKnownFileType = sourcecode.swift; path = GroupCell.swift; sourceTree = "<group>"; };
		1DD3D99B2044A19500BC7F24 /* Groups.swift */ = {isa = PBXFileReference; lastKnownFileType = sourcecode.swift; path = Groups.swift; sourceTree = "<group>"; };
		1DD3D99D2044AB5B00BC7F24 /* GroupChatVC.swift */ = {isa = PBXFileReference; lastKnownFileType = sourcecode.swift; path = GroupChatVC.swift; sourceTree = "<group>"; };
		1DD3D99F2044AB7D00BC7F24 /* GroupChatCell.swift */ = {isa = PBXFileReference; lastKnownFileType = sourcecode.swift; path = GroupChatCell.swift; sourceTree = "<group>"; };
		1DF31B032042256B00DBDC0C /* MeVC.swift */ = {isa = PBXFileReference; lastKnownFileType = sourcecode.swift; path = MeVC.swift; sourceTree = "<group>"; };
		1DF31B0A2042C99E00DBDC0C /* KeyboardBinding.swift */ = {isa = PBXFileReference; lastKnownFileType = sourcecode.swift; path = KeyboardBinding.swift; sourceTree = "<group>"; };
		1DF31B0C2042CA7E00DBDC0C /* FeedCell.swift */ = {isa = PBXFileReference; lastKnownFileType = sourcecode.swift; path = FeedCell.swift; sourceTree = "<group>"; };
		1DF31B0E2042CF7600DBDC0C /* Feeds.swift */ = {isa = PBXFileReference; lastKnownFileType = sourcecode.swift; path = Feeds.swift; sourceTree = "<group>"; };
		1DF31B122042DAE600DBDC0C /* NewFeedVC.swift */ = {isa = PBXFileReference; lastKnownFileType = sourcecode.swift; path = NewFeedVC.swift; sourceTree = "<group>"; };
		30176BF5F8677232E3BD15AF /* Pods_BreakPoint.framework */ = {isa = PBXFileReference; explicitFileType = wrapper.framework; includeInIndex = 0; path = Pods_BreakPoint.framework; sourceTree = BUILT_PRODUCTS_DIR; };
		74C8A471A6AD5FF2B14EB782 /* Pods-BreakPoint.release.xcconfig */ = {isa = PBXFileReference; includeInIndex = 1; lastKnownFileType = text.xcconfig; name = "Pods-BreakPoint.release.xcconfig"; path = "Pods/Target Support Files/Pods-BreakPoint/Pods-BreakPoint.release.xcconfig"; sourceTree = "<group>"; };
		A82C102AB6646A1589E043F3 /* Pods-BreakPoint.debug.xcconfig */ = {isa = PBXFileReference; includeInIndex = 1; lastKnownFileType = text.xcconfig; name = "Pods-BreakPoint.debug.xcconfig"; path = "Pods/Target Support Files/Pods-BreakPoint/Pods-BreakPoint.debug.xcconfig"; sourceTree = "<group>"; };
/* End PBXFileReference section */

/* Begin PBXFrameworksBuildPhase section */
		1D4F00E32041BA1100F33033 /* Frameworks */ = {
			isa = PBXFrameworksBuildPhase;
			buildActionMask = 2147483647;
			files = (
				B8E600DB874F53C6285791AE /* Pods_BreakPoint.framework in Frameworks */,
			);
			runOnlyForDeploymentPostprocessing = 0;
		};
/* End PBXFrameworksBuildPhase section */

/* Begin PBXGroup section */
		0D14FAD97B213D3105910846 /* Frameworks */ = {
			isa = PBXGroup;
			children = (
				30176BF5F8677232E3BD15AF /* Pods_BreakPoint.framework */,
			);
			name = Frameworks;
			sourceTree = "<group>";
		};
		1D4F00DD2041BA1100F33033 = {
			isa = PBXGroup;
			children = (
				1D4F00E82041BA1100F33033 /* BreakPoint */,
				1D4F00E72041BA1100F33033 /* Products */,
				9D74F99DE9DA57E0E15C14D2 /* Pods */,
				0D14FAD97B213D3105910846 /* Frameworks */,
			);
			sourceTree = "<group>";
		};
		1D4F00E72041BA1100F33033 /* Products */ = {
			isa = PBXGroup;
			children = (
				1D4F00E62041BA1100F33033 /* BreakPoint.app */,
			);
			name = Products;
			sourceTree = "<group>";
		};
		1D4F00E82041BA1100F33033 /* BreakPoint */ = {
			isa = PBXGroup;
			children = (
				1DF31B092042265700DBDC0C /* Xibs */,
				1D4F01012041BAD700F33033 /* Extensions */,
				1D4F01002041BAD100F33033 /* Services */,
				1D4F00FF2041BACB00F33033 /* Controller */,
				1D4F00FE2041BAC200F33033 /* View */,
				1D4F00FD2041BABA00F33033 /* Model */,
				1D4F00E92041BA1100F33033 /* AppDelegate.swift */,
				1D4F00EF2041BA1100F33033 /* Main.storyboard */,
				1D4F00F22041BA1100F33033 /* Assets.xcassets */,
				1D4F00F42041BA1100F33033 /* LaunchScreen.storyboard */,
				1D4F00F72041BA1100F33033 /* Info.plist */,
				1D4F01022041BC7E00F33033 /* GoogleService-Info.plist */,
			);
			path = BreakPoint;
			sourceTree = "<group>";
		};
		1D4F00FD2041BABA00F33033 /* Model */ = {
			isa = PBXGroup;
			children = (
				1DF31B0E2042CF7600DBDC0C /* Feeds.swift */,
				1DD3D99B2044A19500BC7F24 /* Groups.swift */,
			);
			path = Model;
			sourceTree = "<group>";
		};
		1D4F00FE2041BAC200F33033 /* View */ = {
			isa = PBXGroup;
			children = (
				1D5910C42041D38B00EC2327 /* InsetTextField.swift */,
				1D5910C62041D99300EC2327 /* ShadowView.swift */,
				1DF31B0A2042C99E00DBDC0C /* KeyboardBinding.swift */,
				1DF31B0C2042CA7E00DBDC0C /* FeedCell.swift */,
				1D95B1DA204422A300115489 /* GroupUserCell.swift */,
				1DD3D9992044A03000BC7F24 /* GroupCell.swift */,
				1DD3D99F2044AB7D00BC7F24 /* GroupChatCell.swift */,
			);
			path = View;
			sourceTree = "<group>";
		};
		1D4F00FF2041BACB00F33033 /* Controller */ = {
			isa = PBXGroup;
			children = (
				1D4F00EB2041BA1100F33033 /* FeedsVC.swift */,
				1D4F00ED2041BA1100F33033 /* GroupsVC.swift */,
				1D5910C82041DB0400EC2327 /* LoginVC.swift */,
				1D5910CA2041DB3400EC2327 /* ByEmailVC.swift */,
				1DF31B032042256B00DBDC0C /* MeVC.swift */,
				1DF31B122042DAE600DBDC0C /* NewFeedVC.swift */,
				1D95B1D820441E2600115489 /* NewGroupVC.swift */,
				1DD3D99D2044AB5B00BC7F24 /* GroupChatVC.swift */,
			);
			path = Controller;
			sourceTree = "<group>";
		};
		1D4F01002041BAD100F33033 /* Services */ = {
			isa = PBXGroup;
			children = (
				1D5910C22041BDBC00EC2327 /* DataService.swift */,
				1D5910CC2041DBC100EC2327 /* AuthService.swift */,
			);
			path = Services;
			sourceTree = "<group>";
		};
		1D4F01012041BAD700F33033 /* Extensions */ = {
			isa = PBXGroup;
			children = (
				1D5910CE2041DF9F00EC2327 /* Constants.swift */,
			);
			path = Extensions;
			sourceTree = "<group>";
		};
		1DF31B092042265700DBDC0C /* Xibs */ = {
			isa = PBXGroup;
			children = (
			);
			path = Xibs;
			sourceTree = "<group>";
		};
		9D74F99DE9DA57E0E15C14D2 /* Pods */ = {
			isa = PBXGroup;
			children = (
				A82C102AB6646A1589E043F3 /* Pods-BreakPoint.debug.xcconfig */,
				74C8A471A6AD5FF2B14EB782 /* Pods-BreakPoint.release.xcconfig */,
			);
			name = Pods;
			sourceTree = "<group>";
		};
/* End PBXGroup section */

/* Begin PBXNativeTarget section */
		1D4F00E52041BA1100F33033 /* BreakPoint */ = {
			isa = PBXNativeTarget;
			buildConfigurationList = 1D4F00FA2041BA1100F33033 /* Build configuration list for PBXNativeTarget "BreakPoint" */;
			buildPhases = (
				ADEF20A11403BBC5FEBF5183 /* [CP] Check Pods Manifest.lock */,
				1D4F00E22041BA1100F33033 /* Sources */,
				1D4F00E32041BA1100F33033 /* Frameworks */,
				1D4F00E42041BA1100F33033 /* Resources */,
				3EB14221A1E4ACFC00F94D35 /* [CP] Embed Pods Frameworks */,
				127938B5AF1810F6AFB22861 /* [CP] Copy Pods Resources */,
			);
			buildRules = (
			);
			dependencies = (
			);
			name = BreakPoint;
			productName = BreakPoint;
			productReference = 1D4F00E62041BA1100F33033 /* BreakPoint.app */;
			productType = "com.apple.product-type.application";
		};
/* End PBXNativeTarget section */

/* Begin PBXProject section */
		1D4F00DE2041BA1100F33033 /* Project object */ = {
			isa = PBXProject;
			attributes = {
				LastSwiftUpdateCheck = 0920;
				LastUpgradeCheck = 0920;
				ORGANIZATIONNAME = LiniaTech;
				TargetAttributes = {
					1D4F00E52041BA1100F33033 = {
						CreatedOnToolsVersion = 9.2;
						ProvisioningStyle = Automatic;
					};
				};
			};
			buildConfigurationList = 1D4F00E12041BA1100F33033 /* Build configuration list for PBXProject "BreakPoint" */;
			compatibilityVersion = "Xcode 8.0";
			developmentRegion = en;
			hasScannedForEncodings = 0;
			knownRegions = (
				en,
				Base,
			);
			mainGroup = 1D4F00DD2041BA1100F33033;
			productRefGroup = 1D4F00E72041BA1100F33033 /* Products */;
			projectDirPath = "";
			projectRoot = "";
			targets = (
				1D4F00E52041BA1100F33033 /* BreakPoint */,
			);
		};
/* End PBXProject section */

/* Begin PBXResourcesBuildPhase section */
		1D4F00E42041BA1100F33033 /* Resources */ = {
			isa = PBXResourcesBuildPhase;
			buildActionMask = 2147483647;
			files = (
				1D4F00F62041BA1100F33033 /* LaunchScreen.storyboard in Resources */,
				1D4F01032041BC7E00F33033 /* GoogleService-Info.plist in Resources */,
				1D4F00F32041BA1100F33033 /* Assets.xcassets in Resources */,
				1D4F00F12041BA1100F33033 /* Main.storyboard in Resources */,
			);
			runOnlyForDeploymentPostprocessing = 0;
		};
/* End PBXResourcesBuildPhase section */

/* Begin PBXShellScriptBuildPhase section */
		127938B5AF1810F6AFB22861 /* [CP] Copy Pods Resources */ = {
			isa = PBXShellScriptBuildPhase;
			buildActionMask = 2147483647;
			files = (
			);
			inputPaths = (
			);
			name = "[CP] Copy Pods Resources";
			outputPaths = (
			);
			runOnlyForDeploymentPostprocessing = 0;
			shellPath = /bin/sh;
			shellScript = "\"${SRCROOT}/Pods/Target Support Files/Pods-BreakPoint/Pods-BreakPoint-resources.sh\"\n";
			showEnvVarsInLog = 0;
		};
		3EB14221A1E4ACFC00F94D35 /* [CP] Embed Pods Frameworks */ = {
			isa = PBXShellScriptBuildPhase;
			buildActionMask = 2147483647;
			files = (
			);
			inputPaths = (
				"${SRCROOT}/Pods/Target Support Files/Pods-BreakPoint/Pods-BreakPoint-frameworks.sh",
				"${BUILT_PRODUCTS_DIR}/GTMSessionFetcher/GTMSessionFetcher.framework",
				"${BUILT_PRODUCTS_DIR}/GoogleToolboxForMac/GoogleToolboxForMac.framework",
				"${BUILT_PRODUCTS_DIR}/leveldb-library/leveldb.framework",
				"${BUILT_PRODUCTS_DIR}/nanopb/nanopb.framework",
			);
			name = "[CP] Embed Pods Frameworks";
			outputPaths = (
				"${TARGET_BUILD_DIR}/${FRAMEWORKS_FOLDER_PATH}/GTMSessionFetcher.framework",
				"${TARGET_BUILD_DIR}/${FRAMEWORKS_FOLDER_PATH}/GoogleToolboxForMac.framework",
				"${TARGET_BUILD_DIR}/${FRAMEWORKS_FOLDER_PATH}/leveldb.framework",
				"${TARGET_BUILD_DIR}/${FRAMEWORKS_FOLDER_PATH}/nanopb.framework",
			);
			runOnlyForDeploymentPostprocessing = 0;
			shellPath = /bin/sh;
			shellScript = "\"${SRCROOT}/Pods/Target Support Files/Pods-BreakPoint/Pods-BreakPoint-frameworks.sh\"\n";
			showEnvVarsInLog = 0;
		};
		ADEF20A11403BBC5FEBF5183 /* [CP] Check Pods Manifest.lock */ = {
			isa = PBXShellScriptBuildPhase;
			buildActionMask = 2147483647;
			files = (
			);
			inputPaths = (
				"${PODS_PODFILE_DIR_PATH}/Podfile.lock",
				"${PODS_ROOT}/Manifest.lock",
			);
			name = "[CP] Check Pods Manifest.lock";
			outputPaths = (
				"$(DERIVED_FILE_DIR)/Pods-BreakPoint-checkManifestLockResult.txt",
			);
			runOnlyForDeploymentPostprocessing = 0;
			shellPath = /bin/sh;
			shellScript = "diff \"${PODS_PODFILE_DIR_PATH}/Podfile.lock\" \"${PODS_ROOT}/Manifest.lock\" > /dev/null\nif [ $? != 0 ] ; then\n    # print error to STDERR\n    echo \"error: The sandbox is not in sync with the Podfile.lock. Run 'pod install' or update your CocoaPods installation.\" >&2\n    exit 1\nfi\n# This output is used by Xcode 'outputs' to avoid re-running this script phase.\necho \"SUCCESS\" > \"${SCRIPT_OUTPUT_FILE_0}\"\n";
			showEnvVarsInLog = 0;
		};
/* End PBXShellScriptBuildPhase section */

/* Begin PBXSourcesBuildPhase section */
		1D4F00E22041BA1100F33033 /* Sources */ = {
			isa = PBXSourcesBuildPhase;
			buildActionMask = 2147483647;
			files = (
				1D5910C72041D99300EC2327 /* ShadowView.swift in Sources */,
				1DD3D9A02044AB7D00BC7F24 /* GroupChatCell.swift in Sources */,
				1DF31B132042DAE600DBDC0C /* NewFeedVC.swift in Sources */,
				1DD3D99E2044AB5B00BC7F24 /* GroupChatVC.swift in Sources */,
				1DF31B0F2042CF7600DBDC0C /* Feeds.swift in Sources */,
				1D4F00EE2041BA1100F33033 /* GroupsVC.swift in Sources */,
				1D5910C92041DB0400EC2327 /* LoginVC.swift in Sources */,
				1D5910CD2041DBC100EC2327 /* AuthService.swift in Sources */,
				1D95B1DB204422A300115489 /* GroupUserCell.swift in Sources */,
				1D5910C52041D38B00EC2327 /* InsetTextField.swift in Sources */,
				1D5910CF2041DF9F00EC2327 /* Constants.swift in Sources */,
				1DD3D99A2044A03000BC7F24 /* GroupCell.swift in Sources */,
				1DF31B0D2042CA7E00DBDC0C /* FeedCell.swift in Sources */,
				1D5910CB2041DB3400EC2327 /* ByEmailVC.swift in Sources */,
				1DF31B042042256B00DBDC0C /* MeVC.swift in Sources */,
				1DD3D99C2044A19500BC7F24 /* Groups.swift in Sources */,
				1D95B1D920441E2600115489 /* NewGroupVC.swift in Sources */,
				1DF31B0B2042C99E00DBDC0C /* KeyboardBinding.swift in Sources */,
				1D4F00EA2041BA1100F33033 /* AppDelegate.swift in Sources */,
				1D4F00EC2041BA1100F33033 /* FeedsVC.swift in Sources */,
				1D5910C32041BDBC00EC2327 /* DataService.swift in Sources */,
			);
			runOnlyForDeploymentPostprocessing = 0;
		};
/* End PBXSourcesBuildPhase section */

/* Begin PBXVariantGroup section */
		1D4F00EF2041BA1100F33033 /* Main.storyboard */ = {
			isa = PBXVariantGroup;
			children = (
				1D4F00F02041BA1100F33033 /* Base */,
			);
			name = Main.storyboard;
			sourceTree = "<group>";
		};
		1D4F00F42041BA1100F33033 /* LaunchScreen.storyboard */ = {
			isa = PBXVariantGroup;
			children = (
				1D4F00F52041BA1100F33033 /* Base */,
			);
			name = LaunchScreen.storyboard;
			sourceTree = "<group>";
		};
/* End PBXVariantGroup section */

/* Begin XCBuildConfiguration section */
		1D4F00F82041BA1100F33033 /* Debug */ = {
			isa = XCBuildConfiguration;
			buildSettings = {
				ALWAYS_SEARCH_USER_PATHS = NO;
				CLANG_ANALYZER_NONNULL = YES;
				CLANG_ANALYZER_NUMBER_OBJECT_CONVERSION = YES_AGGRESSIVE;
				CLANG_CXX_LANGUAGE_STANDARD = "gnu++14";
				CLANG_CXX_LIBRARY = "libc++";
				CLANG_ENABLE_MODULES = YES;
				CLANG_ENABLE_OBJC_ARC = YES;
				CLANG_WARN_BLOCK_CAPTURE_AUTORELEASING = YES;
				CLANG_WARN_BOOL_CONVERSION = YES;
				CLANG_WARN_COMMA = YES;
				CLANG_WARN_CONSTANT_CONVERSION = YES;
				CLANG_WARN_DIRECT_OBJC_ISA_USAGE = YES_ERROR;
				CLANG_WARN_DOCUMENTATION_COMMENTS = YES;
				CLANG_WARN_EMPTY_BODY = YES;
				CLANG_WARN_ENUM_CONVERSION = YES;
				CLANG_WARN_INFINITE_RECURSION = YES;
				CLANG_WARN_INT_CONVERSION = YES;
				CLANG_WARN_NON_LITERAL_NULL_CONVERSION = YES;
				CLANG_WARN_OBJC_LITERAL_CONVERSION = YES;
				CLANG_WARN_OBJC_ROOT_CLASS = YES_ERROR;
				CLANG_WARN_RANGE_LOOP_ANALYSIS = YES;
				CLANG_WARN_STRICT_PROTOTYPES = YES;
				CLANG_WARN_SUSPICIOUS_MOVE = YES;
				CLANG_WARN_UNGUARDED_AVAILABILITY = YES_AGGRESSIVE;
				CLANG_WARN_UNREACHABLE_CODE = YES;
				CLANG_WARN__DUPLICATE_METHOD_MATCH = YES;
				CODE_SIGN_IDENTITY = "iPhone Developer";
				COPY_PHASE_STRIP = NO;
				DEBUG_INFORMATION_FORMAT = dwarf;
				ENABLE_STRICT_OBJC_MSGSEND = YES;
				ENABLE_TESTABILITY = YES;
				GCC_C_LANGUAGE_STANDARD = gnu11;
				GCC_DYNAMIC_NO_PIC = NO;
				GCC_NO_COMMON_BLOCKS = YES;
				GCC_OPTIMIZATION_LEVEL = 0;
				GCC_PREPROCESSOR_DEFINITIONS = (
					"DEBUG=1",
					"$(inherited)",
				);
				GCC_WARN_64_TO_32_BIT_CONVERSION = YES;
				GCC_WARN_ABOUT_RETURN_TYPE = YES_ERROR;
				GCC_WARN_UNDECLARED_SELECTOR = YES;
				GCC_WARN_UNINITIALIZED_AUTOS = YES_AGGRESSIVE;
				GCC_WARN_UNUSED_FUNCTION = YES;
				GCC_WARN_UNUSED_VARIABLE = YES;
				IPHONEOS_DEPLOYMENT_TARGET = 10.3;
				MTL_ENABLE_DEBUG_INFO = YES;
				ONLY_ACTIVE_ARCH = YES;
				SDKROOT = iphoneos;
				SWIFT_ACTIVE_COMPILATION_CONDITIONS = DEBUG;
				SWIFT_OPTIMIZATION_LEVEL = "-Onone";
			};
			name = Debug;
		};
		1D4F00F92041BA1100F33033 /* Release */ = {
			isa = XCBuildConfiguration;
			buildSettings = {
				ALWAYS_SEARCH_USER_PATHS = NO;
				CLANG_ANALYZER_NONNULL = YES;
				CLANG_ANALYZER_NUMBER_OBJECT_CONVERSION = YES_AGGRESSIVE;
				CLANG_CXX_LANGUAGE_STANDARD = "gnu++14";
				CLANG_CXX_LIBRARY = "libc++";
				CLANG_ENABLE_MODULES = YES;
				CLANG_ENABLE_OBJC_ARC = YES;
				CLANG_WARN_BLOCK_CAPTURE_AUTORELEASING = YES;
				CLANG_WARN_BOOL_CONVERSION = YES;
				CLANG_WARN_COMMA = YES;
				CLANG_WARN_CONSTANT_CONVERSION = YES;
				CLANG_WARN_DIRECT_OBJC_ISA_USAGE = YES_ERROR;
				CLANG_WARN_DOCUMENTATION_COMMENTS = YES;
				CLANG_WARN_EMPTY_BODY = YES;
				CLANG_WARN_ENUM_CONVERSION = YES;
				CLANG_WARN_INFINITE_RECURSION = YES;
				CLANG_WARN_INT_CONVERSION = YES;
				CLANG_WARN_NON_LITERAL_NULL_CONVERSION = YES;
				CLANG_WARN_OBJC_LITERAL_CONVERSION = YES;
				CLANG_WARN_OBJC_ROOT_CLASS = YES_ERROR;
				CLANG_WARN_RANGE_LOOP_ANALYSIS = YES;
				CLANG_WARN_STRICT_PROTOTYPES = YES;
				CLANG_WARN_SUSPICIOUS_MOVE = YES;
				CLANG_WARN_UNGUARDED_AVAILABILITY = YES_AGGRESSIVE;
				CLANG_WARN_UNREACHABLE_CODE = YES;
				CLANG_WARN__DUPLICATE_METHOD_MATCH = YES;
				CODE_SIGN_IDENTITY = "iPhone Developer";
				COPY_PHASE_STRIP = NO;
				DEBUG_INFORMATION_FORMAT = "dwarf-with-dsym";
				ENABLE_NS_ASSERTIONS = NO;
				ENABLE_STRICT_OBJC_MSGSEND = YES;
				GCC_C_LANGUAGE_STANDARD = gnu11;
				GCC_NO_COMMON_BLOCKS = YES;
				GCC_WARN_64_TO_32_BIT_CONVERSION = YES;
				GCC_WARN_ABOUT_RETURN_TYPE = YES_ERROR;
				GCC_WARN_UNDECLARED_SELECTOR = YES;
				GCC_WARN_UNINITIALIZED_AUTOS = YES_AGGRESSIVE;
				GCC_WARN_UNUSED_FUNCTION = YES;
				GCC_WARN_UNUSED_VARIABLE = YES;
				IPHONEOS_DEPLOYMENT_TARGET = 10.3;
				MTL_ENABLE_DEBUG_INFO = NO;
				SDKROOT = iphoneos;
				SWIFT_OPTIMIZATION_LEVEL = "-Owholemodule";
				VALIDATE_PRODUCT = YES;
			};
			name = Release;
		};
		1D4F00FB2041BA1100F33033 /* Debug */ = {
			isa = XCBuildConfiguration;
			baseConfigurationReference = A82C102AB6646A1589E043F3 /* Pods-BreakPoint.debug.xcconfig */;
			buildSettings = {
				ASSETCATALOG_COMPILER_APPICON_NAME = AppIcon;
				CODE_SIGN_STYLE = Automatic;
				DEVELOPMENT_TEAM = FXPSE4XM9X;
				INFOPLIST_FILE = BreakPoint/Info.plist;
				LD_RUNPATH_SEARCH_PATHS = "$(inherited) @executable_path/Frameworks";
				PRODUCT_BUNDLE_IDENTIFIER = com.LiniaTech.BreakPoint;
				PRODUCT_NAME = "$(TARGET_NAME)";
				SWIFT_VERSION = 4.0;
				TARGETED_DEVICE_FAMILY = "1,2";
			};
			name = Debug;
		};
		1D4F00FC2041BA1100F33033 /* Release */ = {
			isa = XCBuildConfiguration;
			baseConfigurationReference = 74C8A471A6AD5FF2B14EB782 /* Pods-BreakPoint.release.xcconfig */;
			buildSettings = {
				ASSETCATALOG_COMPILER_APPICON_NAME = AppIcon;
				CODE_SIGN_STYLE = Automatic;
				DEVELOPMENT_TEAM = FXPSE4XM9X;
				INFOPLIST_FILE = BreakPoint/Info.plist;
				LD_RUNPATH_SEARCH_PATHS = "$(inherited) @executable_path/Frameworks";
				PRODUCT_BUNDLE_IDENTIFIER = com.LiniaTech.BreakPoint;
				PRODUCT_NAME = "$(TARGET_NAME)";
				SWIFT_VERSION = 4.0;
				TARGETED_DEVICE_FAMILY = "1,2";
			};
			name = Release;
		};
/* End XCBuildConfiguration section */

/* Begin XCConfigurationList section */
		1D4F00E12041BA1100F33033 /* Build configuration list for PBXProject "BreakPoint" */ = {
			isa = XCConfigurationList;
			buildConfigurations = (
				1D4F00F82041BA1100F33033 /* Debug */,
				1D4F00F92041BA1100F33033 /* Release */,
			);
			defaultConfigurationIsVisible = 0;
			defaultConfigurationName = Release;
		};
		1D4F00FA2041BA1100F33033 /* Build configuration list for PBXNativeTarget "BreakPoint" */ = {
			isa = XCConfigurationList;
			buildConfigurations = (
				1D4F00FB2041BA1100F33033 /* Debug */,
				1D4F00FC2041BA1100F33033 /* Release */,
			);
			defaultConfigurationIsVisible = 0;
			defaultConfigurationName = Release;
		};
/* End XCConfigurationList section */
	};
	rootObject = 1D4F00DE2041BA1100F33033 /* Project object */;
}
